{
    "_meta": {
        "hash": {
            "sha256": "67313f34a03ebee6dffac0d208f996a5797ac45978d891c49ab4db71694342fc"
        },
        "pipfile-spec": 6,
        "requires": {
            "python_version": "3.14"
        },
        "sources": [
            {
                "name": "pypi",
                "url": "https://pypi.org/simple",
                "verify_ssl": true
            }
        ]
    },
    "default": {
        "certifi": {
            "hashes": [
                "sha256:62f22742b58a1a33014a2b6b706588a8d7e2a88ae7bd1a6ebe8c992928483775",
                "sha256:741e2c3b351ddf169a738da9f2c048608ff7f2c5cc02f1ebc6b118bb090d5d55"
            ],
            "markers": "python_version >= '3.7'",
            "version": "==2026.7.22"
        },
        "distlib": {
            "hashes": [
                "sha256:4b0ce306c966eb73bc3a7b6abad017c556dadd92c44701562cd528ac7fde4d5b",
                "sha256:f152097224a0ae24be5a0f6bae1b9359af82133bce63f98a95f86cae1aede9ed"
            ],
            "version": "==0.4.3"
        },
        "filelock": {
            "hashes": [
                "sha256:142cd9fa77a872c5e78c62329a0d15278fadc686eb89e760017968961a4fd6b2",
                "sha256:f6a6a28f743f9b95ce19db5abe0f376f75eb56517dff21e1a4751e2657d3e83d"
            ],
            "markers": "python_version >= '3.10'",
            "version": "==3.32.5"
        },
        "packaging": {
            "hashes": [
                "sha256:94edc256424af38762eb31306eed28beb9f0efc50a8837492c9d6fd6004aed79",
                "sha256:d7193f7c8e4e93f444fde0262bf90af30e16fa0ad0ad44cb553c87339b23cd1c"
            ],
            "markers": "python_version >= '3.9'",
            "version": "==26.3"
        },
        "pipenv": {
            "hashes": [
                "sha256:8da889c636a8cab59a435c1366f30d252ecee465372341eb8cd4da43b055ad9d",
                "sha256:ff0e3d61bfdb3d19ea1d912dfdfd62c9e5521fcc63e525de6a63818db8b4451f"
            ],
            "index": "pypi",
            "markers": "python_version >= '3.10'",
            "version": "==2026.8.0"
        },
        "platformdirs": {
            "hashes": [
                "sha256:4f41487eeeeeb07f3a6625e61d9bc0ae6809f92d3386dbd74392fbb76108104d",
                "sha256:8a02cb259042c79d1cd0450facc2fe6dc9d303ae7901afbe33bf8ea0b188cef6"
            ],
            "markers": "python_version >= '3.10'",
            "version": "==4.11.7"
        },
        "python-discovery": {
            "hashes": [
                "sha256:6393b4eae1be8b2182670635e7baff89ac21cb9f8e86fd1ff40c7b1144febb4c",
                "sha256:d4e244cf17b8b29819ed78003d55fbacf86eda23425b075454fff9271b79377a"
            ],
            "markers": "python_version >= '3.8'",
            "version": "==1.6.0"
        },
        "setuptools": {
            "hashes": [
                "sha256:51a52592b3b99e102b609654876bd65f19f999935166d1352678931132b0c670",
                "sha256:f4695c21257f0d9b537ec2692c941d02ee143b7cc1276941349a546573b2ef73"
            ],
            "markers": "python_version >= '3.10'",
            "version": "==84.0.0"
        },
        "virtualenv": {
            "hashes": [
                "sha256:1dc49c790072a9072cb1803f9bd62aa69cd583077cada32390f75505cdc64c9b",
                "sha256:3040eb3cbf5d32b10ffd57d167e6a162237ad82ba7d8cf1400a1efed593d85ac"
            ],
            "markers": "python_version >= '3.9'",
            "version": "==21.7.8"
        }
    },
    "develop": {}
}
